
Microsoft Visual Studio Solution File, Format Version 12.00
# Visual Studio Version 16
VisualStudioVersion = 16.0.31205.134
MinimumVisualStudioVersion = 10.0.40219.1
Project("{9A19103F-16F7-4668-BE54-9A1E7A4F7556}") = "AppAt", "AppAt\AppAt.csproj", "{CCD63D88-4AD1-46A6-A0D2-6602048513DE}"
EndProject
Project("{9A19103F-16F7-4668-BE54-9A1E7A4F7556}") = "AppAt-Entity", "AppAt-Entity\AppAt-Entity.csproj", "{F26064C0-E526-43AB-9017-A4EBA018091B}"
EndProject
Project("{FAE04EC0-301F-11D3-BF4B-00C04F79EFBC}") = "AppAt-Repositorio", "AppAt-Repositorio\AppAt-Repositorio.csproj", "{6965DDAD-0600-45A1-83FA-4AD89743B333}"
EndProject
Global
	GlobalSection(SolutionConfigurationPlatforms) = preSolution
		Debug|Any CPU = Debug|Any CPU
		Release|Any CPU = Release|Any CPU
	EndGlobalSection
	GlobalSection(ProjectConfigurationPlatforms) = postSolution
		{CCD63D88-4AD1-46A6-A0D2-6602048513DE}.Debug|Any CPU.ActiveCfg = Debug|Any CPU
		{CCD63D88-4AD1-46A6-A0D2-6602048513DE}.Debug|Any CPU.Build.0 = Debug|Any CPU
		{CCD63D88-4AD1-46A6-A0D2-6602048513DE}.Release|Any CPU.ActiveCfg = Release|Any CPU
		{CCD63D88-4AD1-46A6-A0D2-6602048513DE}.Release|Any CPU.Build.0 = Release|Any CPU
		{F26064C0-E526-43AB-9017-A4EBA018091B}.Debug|Any CPU.ActiveCfg = Debug|Any CPU
		{F26064C0-E526-43AB-9017-A4EBA018091B}.Debug|Any CPU.Build.0 = Debug|Any CPU
		{F26064C0-E526-43AB-9017-A4EBA018091B}.Release|Any CPU.ActiveCfg = Release|Any CPU
		{F26064C0-E526-43AB-9017-A4EBA018091B}.Release|Any CPU.Build.0 = Release|Any CPU
		{6965DDAD-0600-45A1-83FA-4AD89743B333}.Debug|Any CPU.ActiveCfg = Debug|Any CPU
		{6965DDAD-0600-45A1-83FA-4AD89743B333}.Debug|Any CPU.Build.0 = Debug|Any CPU
		{6965DDAD-0600-45A1-83FA-4AD89743B333}.Release|Any CPU.ActiveCfg = Release|Any CPU
		{6965DDAD-0600-45A1-83FA-4AD89743B333}.Release|Any CPU.Build.0 = Release|Any CPU
	EndGlobalSection
	GlobalSection(SolutionProperties) = preSolution
		HideSolutionNode = FALSE
	EndGlobalSection
	GlobalSection(ExtensibilityGlobals) = postSolution
		SolutionGuid = {E076B604-A720-484E-ABAF-EA8DE4507546}
	EndGlobalSection
EndGlobal
